
Microsoft Visual Studio Solution File, Format Version 12.00
# Visual Studio Version 17
VisualStudioVersion = 17.0.31903.59
MinimumVisualStudioVersion = 10.0.40219.1
Project("{FAE04EC0-301F-11D3-BF4B-00C04F79EFBC}") = "MartinaTiso.Tombola", "MartinaTiso.Tombola\MartinaTiso.Tombola.csproj", "{67A1EA2B-9EDE-4B40-92C2-D0CDBEF0E601}"
EndProject
Global
	GlobalSection(SolutionConfigurationPlatforms) = preSolution
		Debug|Any CPU = Debug|Any CPU
		Release|Any CPU = Release|Any CPU
	EndGlobalSection
	GlobalSection(ProjectConfigurationPlatforms) = postSolution
		{67A1EA2B-9EDE-4B40-92C2-D0CDBEF0E601}.Debug|Any CPU.ActiveCfg = Debug|Any CPU
		{67A1EA2B-9EDE-4B40-92C2-D0CDBEF0E601}.Debug|Any CPU.Build.0 = Debug|Any CPU
		{67A1EA2B-9EDE-4B40-92C2-D0CDBEF0E601}.Release|Any CPU.ActiveCfg = Release|Any CPU
		{67A1EA2B-9EDE-4B40-92C2-D0CDBEF0E601}.Release|Any CPU.Build.0 = Release|Any CPU
	EndGlobalSection
	GlobalSection(SolutionProperties) = preSolution
		HideSolutionNode = FALSE
	EndGlobalSection
	GlobalSection(ExtensibilityGlobals) = postSolution
		SolutionGuid = {50C3DE19-AAEC-4B22-A500-D73125F725B0}
	EndGlobalSection
EndGlobal
